
Microsoft Visual Studio Solution File, Format Version 12.00
# Visual Studio 15
VisualStudioVersion = 15.0.27703.2035
MinimumVisualStudioVersion = 10.0.40219.1
Project("{FAE04EC0-301F-11D3-BF4B-00C04F79EFBC}") = "AzureADAuth-Unity.UWP", "AzureADAuth-Unity.UWP\AzureADAuth-Unity.UWP.csproj", "{BB7E0BE9-2301-407C-905E-8D25202E20AE}"
EndProject
Project("{FAE04EC0-301F-11D3-BF4B-00C04F79EFBC}") = "AzureADAuth-Unity.Unity", "AzureADAuth-Unity.Unity\AzureADAuth-Unity.Unity.csproj", "{7D341E8D-5640-4C8A-BE01-9430594360E3}"
EndProject
Project("{D954291E-2A0B-460D-934E-DC6B0785DB48}") = "AzureADAuth-Unity.Shared", "AzureADAuth-Unity.Shared\AzureADAuth-Unity.Shared.shproj", "{71A583F5-F2E1-4BB2-8DAC-3702992A0B33}"
EndProject
Global
	GlobalSection(SharedMSBuildProjectFiles) = preSolution
		AzureADAuth-Unity.Shared\AzureADAuth-Unity.Shared.projitems*{71a583f5-f2e1-4bb2-8dac-3702992a0b33}*SharedItemsImports = 13
		AzureADAuth-Unity.Shared\AzureADAuth-Unity.Shared.projitems*{7d341e8d-5640-4c8a-be01-9430594360e3}*SharedItemsImports = 4
		AzureADAuth-Unity.Shared\AzureADAuth-Unity.Shared.projitems*{bb7e0be9-2301-407c-905e-8d25202e20ae}*SharedItemsImports = 4
	EndGlobalSection
	GlobalSection(SolutionConfigurationPlatforms) = preSolution
		Debug|Any CPU = Debug|Any CPU
		Debug|ARM = Debug|ARM
		Debug|x64 = Debug|x64
		Debug|x86 = Debug|x86
		Release|Any CPU = Release|Any CPU
		Release|ARM = Release|ARM
		Release|x64 = Release|x64
		Release|x86 = Release|x86
	EndGlobalSection
	GlobalSection(ProjectConfigurationPlatforms) = postSolution
		{BB7E0BE9-2301-407C-905E-8D25202E20AE}.Debug|Any CPU.ActiveCfg = Debug|Any CPU
		{BB7E0BE9-2301-407C-905E-8D25202E20AE}.Debug|Any CPU.Build.0 = Debug|Any CPU
		{BB7E0BE9-2301-407C-905E-8D25202E20AE}.Debug|ARM.ActiveCfg = Debug|ARM
		{BB7E0BE9-2301-407C-905E-8D25202E20AE}.Debug|ARM.Build.0 = Debug|ARM
		{BB7E0BE9-2301-407C-905E-8D25202E20AE}.Debug|x64.ActiveCfg = Debug|x64
		{BB7E0BE9-2301-407C-905E-8D25202E20AE}.Debug|x64.Build.0 = Debug|x64
		{BB7E0BE9-2301-407C-905E-8D25202E20AE}.Debug|x86.ActiveCfg = Debug|x86
		{BB7E0BE9-2301-407C-905E-8D25202E20AE}.Debug|x86.Build.0 = Debug|x86
		{BB7E0BE9-2301-407C-905E-8D25202E20AE}.Release|Any CPU.ActiveCfg = Release|Any CPU
		{BB7E0BE9-2301-407C-905E-8D25202E20AE}.Release|Any CPU.Build.0 = Release|Any CPU
		{BB7E0BE9-2301-407C-905E-8D25202E20AE}.Release|ARM.ActiveCfg = Release|ARM
		{BB7E0BE9-2301-407C-905E-8D25202E20AE}.Release|ARM.Build.0 = Release|ARM
		{BB7E0BE9-2301-407C-905E-8D25202E20AE}.Release|x64.ActiveCfg = Release|x64
		{BB7E0BE9-2301-407C-905E-8D25202E20AE}.Release|x64.Build.0 = Release|x64
		{BB7E0BE9-2301-407C-905E-8D25202E20AE}.Release|x86.ActiveCfg = Release|x86
		{BB7E0BE9-2301-407C-905E-8D25202E20AE}.Release|x86.Build.0 = Release|x86
		{7D341E8D-5640-4C8A-BE01-9430594360E3}.Debug|Any CPU.ActiveCfg = Debug|Any CPU
		{7D341E8D-5640-4C8A-BE01-9430594360E3}.Debug|Any CPU.Build.0 = Debug|Any CPU
		{7D341E8D-5640-4C8A-BE01-9430594360E3}.Debug|ARM.ActiveCfg = Debug|Any CPU
		{7D341E8D-5640-4C8A-BE01-9430594360E3}.Debug|ARM.Build.0 = Debug|Any CPU
		{7D341E8D-5640-4C8A-BE01-9430594360E3}.Debug|x64.ActiveCfg = Debug|Any CPU
		{7D341E8D-5640-4C8A-BE01-9430594360E3}.Debug|x64.Build.0 = Debug|Any CPU
		{7D341E8D-5640-4C8A-BE01-9430594360E3}.Debug|x86.ActiveCfg = Debug|Any CPU
		{7D341E8D-5640-4C8A-BE01-9430594360E3}.Debug|x86.Build.0 = Debug|Any CPU
		{7D341E8D-5640-4C8A-BE01-9430594360E3}.Release|Any CPU.ActiveCfg = Release|Any CPU
		{7D341E8D-5640-4C8A-BE01-9430594360E3}.Release|Any CPU.Build.0 = Release|Any CPU
		{7D341E8D-5640-4C8A-BE01-9430594360E3}.Release|ARM.ActiveCfg = Release|Any CPU
		{7D341E8D-5640-4C8A-BE01-9430594360E3}.Release|ARM.Build.0 = Release|Any CPU
		{7D341E8D-5640-4C8A-BE01-9430594360E3}.Release|x64.ActiveCfg = Release|Any CPU
		{7D341E8D-5640-4C8A-BE01-9430594360E3}.Release|x64.Build.0 = Release|Any CPU
		{7D341E8D-5640-4C8A-BE01-9430594360E3}.Release|x86.ActiveCfg = Release|Any CPU
		{7D341E8D-5640-4C8A-BE01-9430594360E3}.Release|x86.Build.0 = Release|Any CPU
	EndGlobalSection
	GlobalSection(SolutionProperties) = preSolution
		HideSolutionNode = FALSE
	EndGlobalSection
	GlobalSection(ExtensibilityGlobals) = postSolution
		SolutionGuid = {BFC60F91-A152-46BB-8F8E-7565E0B924E6}
	EndGlobalSection
EndGlobal
